
Microsoft Visual Studio Solution File, Format Version 12.00
# Visual Studio Version 17
VisualStudioVersion = 17.11.35327.3
MinimumVisualStudioVersion = 10.0.40219.1
Project("{FAE04EC0-301F-11D3-BF4B-00C04F79EFBC}") = "School_Project", "School_Project.csproj", "{8A63E20A-19A1-48D6-B7E1-119A1300A2CF}"
EndProject
Global
	GlobalSection(SolutionConfigurationPlatforms) = preSolution
		Debug|Any CPU = Debug|Any CPU
		Release|Any CPU = Release|Any CPU
	EndGlobalSection
	GlobalSection(ProjectConfigurationPlatforms) = postSolution
		{8A63E20A-19A1-48D6-B7E1-119A1300A2CF}.Debug|Any CPU.ActiveCfg = Debug|Any CPU
		{8A63E20A-19A1-48D6-B7E1-119A1300A2CF}.Debug|Any CPU.Build.0 = Debug|Any CPU
		{8A63E20A-19A1-48D6-B7E1-119A1300A2CF}.Release|Any CPU.ActiveCfg = Release|Any CPU
		{8A63E20A-19A1-48D6-B7E1-119A1300A2CF}.Release|Any CPU.Build.0 = Release|Any CPU
	EndGlobalSection
	GlobalSection(SolutionProperties) = preSolution
		HideSolutionNode = FALSE
	EndGlobalSection
	GlobalSection(ExtensibilityGlobals) = postSolution
		SolutionGuid = {9AE71807-C90A-42DA-87D7-77C3B5CB30A7}
	EndGlobalSection
EndGlobal
